{
  "originHash" : "48de6793385a75cb2dc3af8798f133b21be1d933b39e14685225cda4ec9ff515",
  "pins" : [
    {
      "identity" : "nuke",
      "kind" : "remoteSourceControl",
      "location" : "https://github.com/kean/Nuke",
      "state" : {
        "revision" : "30f7a7e72e0607d304fbf69c799474bd5fb6d1ce",
        "version" : "13.2.0"
      }
    },
    {
      "identity" : "phonenumberkit",
      "kind" : "remoteSourceControl",
      "location" : "https://github.com/PhoneNumberKit/PhoneNumberKit",
      "state" : {
        "revision" : "faf1703e6fc71c699e911ff0e306c58ad7c756c0",
        "version" : "5.0.11"
      }
    }
  ],
  "version" : 3
}
